// !$*UTF8*$!
{
	archiveVersion = 1;
	classes = {
	};
	objectVersion = 48;
	objects = {

/* Begin PBXBuildFile section */
		08E8F21E213339CF00CFCB29 /* AppDelegate.swift in Sources */ = {isa = PBXBuildFile; fileRef = 08E8F21D213339CF00CFCB29 /* AppDelegate.swift */; };
		08E8F220213339CF00CFCB29 /* ViewController.swift in Sources */ = {isa = PBXBuildFile; fileRef = 08E8F21F213339CF00CFCB29 /* ViewController.swift */; };
		08E8F223213339CF00CFCB29 /* Main.storyboard in Resources */ = {isa = PBXBuildFile; fileRef = 08E8F221213339CF00CFCB29 /* Main.storyboard */; };
		08E8F226213339CF00CFCB29 /* CCMN.xcdatamodeld in Sources */ = {isa = PBXBuildFile; fileRef = 08E8F224213339CF00CFCB29 /* CCMN.xcdatamodeld */; };
		08E8F228213339CF00CFCB29 /* Assets.xcassets in Resources */ = {isa = PBXBuildFile; fileRef = 08E8F227213339CF00CFCB29 /* Assets.xcassets */; };
		08E8F22B213339CF00CFCB29 /* LaunchScreen.storyboard in Resources */ = {isa = PBXBuildFile; fileRef = 08E8F229213339CF00CFCB29 /* LaunchScreen.storyboard */; };
/* End PBXBuildFile section */

/* Begin PBXFileReference section */
		08E8F21A213339CF00CFCB29 /* CCMN.app */ = {isa = PBXFileReference; explicitFileType = wrapper.application; includeInIndex = 0; path = CCMN.app; sourceTree = BUILT_PRODUCTS_DIR; };
		08E8F21D213339CF00CFCB29 /* AppDelegate.swift */ = {isa = PBXFileReference; lastKnownFileType = sourcecode.swift; path = AppDelegate.swift; sourceTree = "<group>"; };
		08E8F21F213339CF00CFCB29 /* ViewController.swift */ = {isa = PBXFileReference; lastKnownFileType = sourcecode.swift; path = ViewController.swift; sourceTree = "<group>"; };
		08E8F222213339CF00CFCB29 /* Base */ = {isa = PBXFileReference; lastKnownFileType = file.storyboard; name = Base; path = Base.lproj/Main.storyboard; sourceTree = "<group>"; };
		08E8F225213339CF00CFCB29 /* CCMN.xcdatamodel */ = {isa = PBXFileReference; lastKnownFileType = wrapper.xcdatamodel; path = CCMN.xcdatamodel; sourceTree = "<group>"; };
		08E8F227213339CF00CFCB29 /* Assets.xcassets */ = {isa = PBXFileReference; lastKnownFileType = folder.assetcatalog; path = Assets.xcassets; sourceTree = "<group>"; };
		08E8F22A213339CF00CFCB29 /* Base */ = {isa = PBXFileReference; lastKnownFileType = file.storyboard; name = Base; path = Base.lproj/LaunchScreen.storyboard; sourceTree = "<group>"; };
		08E8F22C213339CF00CFCB29 /* Info.plist */ = {isa = PBXFileReference; lastKnownFileType = text.plist.xml; path = Info.plist; sourceTree = "<group>"; };
/* End PBXFileReference section */

/* Begin PBXFrameworksBuildPhase section */
		08E8F217213339CF00CFCB29 /* Frameworks */ = {
			isa = PBXFrameworksBuildPhase;
			buildActionMask = 2147483647;
			files = (
			);
			runOnlyForDeploymentPostprocessing = 0;
		};
/* End PBXFrameworksBuildPhase section */

/* Begin PBXGroup section */
		08E8F211213339CF00CFCB29 = {
			isa = PBXGroup;
			children = (
				08E8F21C213339CF00CFCB29 /* CCMN */,
				08E8F21B213339CF00CFCB29 /* Products */,
			);
			sourceTree = "<group>";
		};
		08E8F21B213339CF00CFCB29 /* Products */ = {
			isa = PBXGroup;
			children = (
				08E8F21A213339CF00CFCB29 /* CCMN.app */,
			);
			name = Products;
			sourceTree = "<group>";
		};
		08E8F21C213339CF00CFCB29 /* CCMN */ = {
			isa = PBXGroup;
			children = (
				08E8F21D213339CF00CFCB29 /* AppDelegate.swift */,
				08E8F21F213339CF00CFCB29 /* ViewController.swift */,
				08E8F221213339CF00CFCB29 /* Main.storyboard */,
				08E8F227213339CF00CFCB29 /* Assets.xcassets */,
				08E8F229213339CF00CFCB29 /* LaunchScreen.storyboard */,
				08E8F22C213339CF00CFCB29 /* Info.plist */,
				08E8F224213339CF00CFCB29 /* CCMN.xcdatamodeld */,
			);
			path = CCMN;
			sourceTree = "<group>";
		};
/* End PBXGroup section */

/* Begin PBXNativeTarget section */
		08E8F219213339CF00CFCB29 /* CCMN */ = {
			isa = PBXNativeTarget;
			buildConfigurationList = 08E8F22F213339CF00CFCB29 /* Build configuration list for PBXNativeTarget "CCMN" */;
			buildPhases = (
				08E8F216213339CF00CFCB29 /* Sources */,
				08E8F217213339CF00CFCB29 /* Frameworks */,
				08E8F218213339CF00CFCB29 /* Resources */,
			);
			buildRules = (
			);
			dependencies = (
			);
			name = CCMN;
			productName = CCMN;
			productReference = 08E8F21A213339CF00CFCB29 /* CCMN.app */;
			productType = "com.apple.product-type.application";
		};
/* End PBXNativeTarget section */

/* Begin PBXProject section */
		08E8F212213339CF00CFCB29 /* Project object */ = {
			isa = PBXProject;
			attributes = {
				LastSwiftUpdateCheck = 0920;
				LastUpgradeCheck = 0920;
				ORGANIZATIONNAME = "Kateryna Zakharchuk";
				TargetAttributes = {
					08E8F219213339CF00CFCB29 = {
						CreatedOnToolsVersion = 9.2;
						ProvisioningStyle = Automatic;
					};
				};
			};
			buildConfigurationList = 08E8F215213339CF00CFCB29 /* Build configuration list for PBXProject "CCMN" */;
			compatibilityVersion = "Xcode 8.0";
			developmentRegion = en;
			hasScannedForEncodings = 0;
			knownRegions = (
				en,
				Base,
			);
			mainGroup = 08E8F211213339CF00CFCB29;
			productRefGroup = 08E8F21B213339CF00CFCB29 /* Products */;
			projectDirPath = "";
			projectRoot = "";
			targets = (
				08E8F219213339CF00CFCB29 /* CCMN */,
			);
		};
/* End PBXProject section */

/* Begin PBXResourcesBuildPhase section */
		08E8F218213339CF00CFCB29 /* Resources */ = {
			isa = PBXResourcesBuildPhase;
			buildActionMask = 2147483647;
			files = (
				08E8F22B213339CF00CFCB29 /* LaunchScreen.storyboard in Resources */,
				08E8F228213339CF00CFCB29 /* Assets.xcassets in Resources */,
				08E8F223213339CF00CFCB29 /* Main.storyboard in Resources */,
			);
			runOnlyForDeploymentPostprocessing = 0;
		};
/* End PBXResourcesBuildPhase section */

/* Begin PBXSourcesBuildPhase section */
		08E8F216213339CF00CFCB29 /* Sources */ = {
			isa = PBXSourcesBuildPhase;
			buildActionMask = 2147483647;
			files = (
				08E8F220213339CF00CFCB29 /* ViewController.swift in Sources */,
				08E8F226213339CF00CFCB29 /* CCMN.xcdatamodeld in Sources */,
				08E8F21E213339CF00CFCB29 /* AppDelegate.swift in Sources */,
			);
			runOnlyForDeploymentPostprocessing = 0;
		};
/* End PBXSourcesBuildPhase section */

/* Begin PBXVariantGroup section */
		08E8F221213339CF00CFCB29 /* Main.storyboard */ = {
			isa = PBXVariantGroup;
			children = (
				08E8F222213339CF00CFCB29 /* Base */,
			);
			name = Main.storyboard;
			sourceTree = "<group>";
		};
		08E8F229213339CF00CFCB29 /* LaunchScreen.storyboard */ = {
			isa = PBXVariantGroup;
			children = (
				08E8F22A213339CF00CFCB29 /* Base */,
			);
			name = LaunchScreen.storyboard;
			sourceTree = "<group>";
		};
/* End PBXVariantGroup section */

/* Begin XCBuildConfiguration section */
		08E8F22D213339CF00CFCB29 /* Debug */ = {
			isa = XCBuildConfiguration;
			buildSettings = {
				ALWAYS_SEARCH_USER_PATHS = NO;
				CLANG_ANALYZER_NONNULL = YES;
				CLANG_ANALYZER_NUMBER_OBJECT_CONVERSION = YES_AGGRESSIVE;
				CLANG_CXX_LANGUAGE_STANDARD = "gnu++14";
				CLANG_CXX_LIBRARY = "libc++";
				CLANG_ENABLE_MODULES = YES;
				CLANG_ENABLE_OBJC_ARC = YES;
				CLANG_WARN_BLOCK_CAPTURE_AUTORELEASING = YES;
				CLANG_WARN_BOOL_CONVERSION = YES;
				CLANG_WARN_COMMA = YES;
				CLANG_WARN_CONSTANT_CONVERSION = YES;
				CLANG_WARN_DIRECT_OBJC_ISA_USAGE = YES_ERROR;
				CLANG_WARN_DOCUMENTATION_COMMENTS = YES;
				CLANG_WARN_EMPTY_BODY = YES;
				CLANG_WARN_ENUM_CONVERSION = YES;
				CLANG_WARN_INFINITE_RECURSION = YES;
				CLANG_WARN_INT_CONVERSION = YES;
				CLANG_WARN_NON_LITERAL_NULL_CONVERSION = YES;
				CLANG_WARN_OBJC_LITERAL_CONVERSION = YES;
				CLANG_WARN_OBJC_ROOT_CLASS = YES_ERROR;
				CLANG_WARN_RANGE_LOOP_ANALYSIS = YES;
				CLANG_WARN_STRICT_PROTOTYPES = YES;
				CLANG_WARN_SUSPICIOUS_MOVE = YES;
				CLANG_WARN_UNGUARDED_AVAILABILITY = YES_AGGRESSIVE;
				CLANG_WARN_UNREACHABLE_CODE = YES;
				CLANG_WARN__DUPLICATE_METHOD_MATCH = YES;
				CODE_SIGN_IDENTITY = "iPhone Developer";
				COPY_PHASE_STRIP = NO;
				DEBUG_INFORMATION_FORMAT = dwarf;
				ENABLE_STRICT_OBJC_MSGSEND = YES;
				ENABLE_TESTABILITY = YES;
				GCC_C_LANGUAGE_STANDARD = gnu11;
				GCC_DYNAMIC_NO_PIC = NO;
				GCC_NO_COMMON_BLOCKS = YES;
				GCC_OPTIMIZATION_LEVEL = 0;
				GCC_PREPROCESSOR_DEFINITIONS = (
					"DEBUG=1",
					"$(inherited)",
				);
				GCC_WARN_64_TO_32_BIT_CONVERSION = YES;
				GCC_WARN_ABOUT_RETURN_TYPE = YES_ERROR;
				GCC_WARN_UNDECLARED_SELECTOR = YES;
				GCC_WARN_UNINITIALIZED_AUTOS = YES_AGGRESSIVE;
				GCC_WARN_UNUSED_FUNCTION = YES;
				GCC_WARN_UNUSED_VARIABLE = YES;
				IPHONEOS_DEPLOYMENT_TARGET = 11.2;
				MTL_ENABLE_DEBUG_INFO = YES;
				ONLY_ACTIVE_ARCH = YES;
				SDKROOT = iphoneos;
				SWIFT_ACTIVE_COMPILATION_CONDITIONS = DEBUG;
				SWIFT_OPTIMIZATION_LEVEL = "-Onone";
			};
			name = Debug;
		};
		08E8F22E213339CF00CFCB29 /* Release */ = {
			isa = XCBuildConfiguration;
			buildSettings = {
				ALWAYS_SEARCH_USER_PATHS = NO;
				CLANG_ANALYZER_NONNULL = YES;
				CLANG_ANALYZER_NUMBER_OBJECT_CONVERSION = YES_AGGRESSIVE;
				CLANG_CXX_LANGUAGE_STANDARD = "gnu++14";
				CLANG_CXX_LIBRARY = "libc++";
				CLANG_ENABLE_MODULES = YES;
				CLANG_ENABLE_OBJC_ARC = YES;
				CLANG_WARN_BLOCK_CAPTURE_AUTORELEASING = YES;
				CLANG_WARN_BOOL_CONVERSION = YES;
				CLANG_WARN_COMMA = YES;
				CLANG_WARN_CONSTANT_CONVERSION = YES;
				CLANG_WARN_DIRECT_OBJC_ISA_USAGE = YES_ERROR;
				CLANG_WARN_DOCUMENTATION_COMMENTS = YES;
				CLANG_WARN_EMPTY_BODY = YES;
				CLANG_WARN_ENUM_CONVERSION = YES;
				CLANG_WARN_INFINITE_RECURSION = YES;
				CLANG_WARN_INT_CONVERSION = YES;
				CLANG_WARN_NON_LITERAL_NULL_CONVERSION = YES;
				CLANG_WARN_OBJC_LITERAL_CONVERSION = YES;
				CLANG_WARN_OBJC_ROOT_CLASS = YES_ERROR;
				CLANG_WARN_RANGE_LOOP_ANALYSIS = YES;
				CLANG_WARN_STRICT_PROTOTYPES = YES;
				CLANG_WARN_SUSPICIOUS_MOVE = YES;
				CLANG_WARN_UNGUARDED_AVAILABILITY = YES_AGGRESSIVE;
				CLANG_WARN_UNREACHABLE_CODE = YES;
				CLANG_WARN__DUPLICATE_METHOD_MATCH = YES;
				CODE_SIGN_IDENTITY = "iPhone Developer";
				COPY_PHASE_STRIP = NO;
				DEBUG_INFORMATION_FORMAT = "dwarf-with-dsym";
				ENABLE_NS_ASSERTIONS = NO;
				ENABLE_STRICT_OBJC_MSGSEND = YES;
				GCC_C_LANGUAGE_STANDARD = gnu11;
				GCC_NO_COMMON_BLOCKS = YES;
				GCC_WARN_64_TO_32_BIT_CONVERSION = YES;
				GCC_WARN_ABOUT_RETURN_TYPE = YES_ERROR;
				GCC_WARN_UNDECLARED_SELECTOR = YES;
				GCC_WARN_UNINITIALIZED_AUTOS = YES_AGGRESSIVE;
				GCC_WARN_UNUSED_FUNCTION = YES;
				GCC_WARN_UNUSED_VARIABLE = YES;
				IPHONEOS_DEPLOYMENT_TARGET = 11.2;
				MTL_ENABLE_DEBUG_INFO = NO;
				SDKROOT = iphoneos;
				SWIFT_OPTIMIZATION_LEVEL = "-Owholemodule";
				VALIDATE_PRODUCT = YES;
			};
			name = Release;
		};
		08E8F230213339CF00CFCB29 /* Debug */ = {
			isa = XCBuildConfiguration;
			buildSettings = {
				ASSETCATALOG_COMPILER_APPICON_NAME = AppIcon;
				CODE_SIGN_STYLE = Automatic;
				INFOPLIST_FILE = CCMN/Info.plist;
				LD_RUNPATH_SEARCH_PATHS = "$(inherited) @executable_path/Frameworks";
				PRODUCT_BUNDLE_IDENTIFIER = kzakharc.CCMN;
				PRODUCT_NAME = "$(TARGET_NAME)";
				SWIFT_VERSION = 4.0;
				TARGETED_DEVICE_FAMILY = "1,2";
			};
			name = Debug;
		};
		08E8F231213339CF00CFCB29 /* Release */ = {
			isa = XCBuildConfiguration;
			buildSettings = {
				ASSETCATALOG_COMPILER_APPICON_NAME = AppIcon;
				CODE_SIGN_STYLE = Automatic;
				INFOPLIST_FILE = CCMN/Info.plist;
				LD_RUNPATH_SEARCH_PATHS = "$(inherited) @executable_path/Frameworks";
				PRODUCT_BUNDLE_IDENTIFIER = kzakharc.CCMN;
				PRODUCT_NAME = "$(TARGET_NAME)";
				SWIFT_VERSION = 4.0;
				TARGETED_DEVICE_FAMILY = "1,2";
			};
			name = Release;
		};
/* End XCBuildConfiguration section */

/* Begin XCConfigurationList section */
		08E8F215213339CF00CFCB29 /* Build configuration list for PBXProject "CCMN" */ = {
			isa = XCConfigurationList;
			buildConfigurations = (
				08E8F22D213339CF00CFCB29 /* Debug */,
				08E8F22E213339CF00CFCB29 /* Release */,
			);
			defaultConfigurationIsVisible = 0;
			defaultConfigurationName = Release;
		};
		08E8F22F213339CF00CFCB29 /* Build configuration list for PBXNativeTarget "CCMN" */ = {
			isa = XCConfigurationList;
			buildConfigurations = (
				08E8F230213339CF00CFCB29 /* Debug */,
				08E8F231213339CF00CFCB29 /* Release */,
			);
			defaultConfigurationIsVisible = 0;
			defaultConfigurationName = Release;
		};
/* End XCConfigurationList section */

/* Begin XCVersionGroup section */
		08E8F224213339CF00CFCB29 /* CCMN.xcdatamodeld */ = {
			isa = XCVersionGroup;
			children = (
				08E8F225213339CF00CFCB29 /* CCMN.xcdatamodel */,
			);
			currentVersion = 08E8F225213339CF00CFCB29 /* CCMN.xcdatamodel */;
			path = CCMN.xcdatamodeld;
			sourceTree = "<group>";
			versionGroupType = wrapper.xcdatamodel;
		};
/* End XCVersionGroup section */
	};
	rootObject = 08E8F212213339CF00CFCB29 /* Project object */;
}
